Microsoft Visual Studio Solution File, Format Version 12.00
# Visual Studio Version 16
VisualStudioVersion = 16.0.29509.3
MinimumVisualStudioVersion = 10.0.40219.1
Project("{9A19103F-16F7-4668-BE54-9A1E7A4F7556}") = "MedicalSite", "MedicalSite\MedicalSite.csproj", "{4CF66585-2625-4C61-88CF-FBD04E40D066}"
EndProject
Project("{9A19103F-16F7-4668-BE54-9A1E7A4F7556}") = "MedicalAPI", "MedicalAPI\MedicalAPI.csproj", "{D1A11FFB-8A65-4449-A4DD-0DBDB3ACA84E}"
EndProject
Project("{9A19103F-16F7-4668-BE54-9A1E7A4F7556}") = "DataAccess", "DataAccess\DataAccess.csproj", "{56DA02AE-6420-4B81-8473-677800B4BC61}"
EndProject
Project("{9A19103F-16F7-4668-BE54-9A1E7A4F7556}") = "MedicalRepos", "MedicalRepos\MedicalRepos.csproj", "{565410B0-44FC-4A73-9291-C67817E25043}"
EndProject
Global
	GlobalSection(SolutionConfigurationPlatforms) = preSolution
		Debug|Any CPU = Debug|Any CPU
		Release|Any CPU = Release|Any CPU
	EndGlobalSection
	GlobalSection(ProjectConfigurationPlatforms) = postSolution
		{4CF66585-2625-4C61-88CF-FBD04E40D066}.Debug|Any CPU.ActiveCfg = Debug|Any CPU
		{4CF66585-2625-4C61-88CF-FBD04E40D066}.Debug|Any CPU.Build.0 = Debug|Any CPU
		{4CF66585-2625-4C61-88CF-FBD04E40D066}.Release|Any CPU.ActiveCfg = Release|Any CPU
		{4CF66585-2625-4C61-88CF-FBD04E40D066}.Release|Any CPU.Build.0 = Release|Any CPU
		{D1A11FFB-8A65-4449-A4DD-0DBDB3ACA84E}.Debug|Any CPU.ActiveCfg = Debug|Any CPU
		{D1A11FFB-8A65-4449-A4DD-0DBDB3ACA84E}.Debug|Any CPU.Build.0 = Debug|Any CPU
		{D1A11FFB-8A65-4449-A4DD-0DBDB3ACA84E}.Release|Any CPU.ActiveCfg = Release|Any CPU
		{D1A11FFB-8A65-4449-A4DD-0DBDB3ACA84E}.Release|Any CPU.Build.0 = Release|Any CPU
		{56DA02AE-6420-4B81-8473-677800B4BC61}.Debug|Any CPU.ActiveCfg = Debug|Any CPU
		{56DA02AE-6420-4B81-8473-677800B4BC61}.Debug|Any CPU.Build.0 = Debug|Any CPU
		{56DA02AE-6420-4B81-8473-677800B4BC61}.Release|Any CPU.ActiveCfg = Release|Any CPU
		{56DA02AE-6420-4B81-8473-677800B4BC61}.Release|Any CPU.Build.0 = Release|Any CPU
		{565410B0-44FC-4A73-9291-C67817E25043}.Debug|Any CPU.ActiveCfg = Debug|Any CPU
		{565410B0-44FC-4A73-9291-C67817E25043}.Debug|Any CPU.Build.0 = Debug|Any CPU
		{565410B0-44FC-4A73-9291-C67817E25043}.Release|Any CPU.ActiveCfg = Release|Any CPU
		{565410B0-44FC-4A73-9291-C67817E25043}.Release|Any CPU.Build.0 = Release|Any CPU
	EndGlobalSection
	GlobalSection(SolutionProperties) = preSolution
		HideSolutionNode = FALSE
	EndGlobalSection
	GlobalSection(ExtensibilityGlobals) = postSolution
		SolutionGuid = {4958A8BC-FCEE-49C0-9A8C-941775A766A6}
	EndGlobalSection
EndGlobal
